// !$*UTF8*$!
{
	archiveVersion = 1;
	classes = {
	};
	objectVersion = 55;
	objects = {

/* Begin PBXBuildFile section */
		C448288028959467009C295B /* PivoBasicSDK.PivoEvent+description.swift in Sources */ = {isa = PBXBuildFile; fileRef = C448287F28959467009C295B /* PivoBasicSDK.PivoEvent+description.swift */; };
		C448288328959BE4009C295B /* debugLog.swift in Sources */ = {isa = PBXBuildFile; fileRef = C448288228959BE4009C295B /* debugLog.swift */; };
		C448288528959F8D009C295B /* ConnectedPivo.swift in Sources */ = {isa = PBXBuildFile; fileRef = C448288428959F8D009C295B /* ConnectedPivo.swift */; };
		C44828872895A478009C295B /* PivoScanner.swift in Sources */ = {isa = PBXBuildFile; fileRef = C44828862895A478009C295B /* PivoScanner.swift */; };
		C4606000288B7B71008C6A6F /* AppDelegate.swift in Sources */ = {isa = PBXBuildFile; fileRef = C4605FFF288B7B71008C6A6F /* AppDelegate.swift */; };
		C4606002288B7B71008C6A6F /* SceneDelegate.swift in Sources */ = {isa = PBXBuildFile; fileRef = C4606001288B7B71008C6A6F /* SceneDelegate.swift */; };
		C4606004288B7B71008C6A6F /* ViewController.swift in Sources */ = {isa = PBXBuildFile; fileRef = C4606003288B7B71008C6A6F /* ViewController.swift */; };
		C4606007288B7B71008C6A6F /* Main.storyboard in Resources */ = {isa = PBXBuildFile; fileRef = C4606005288B7B71008C6A6F /* Main.storyboard */; };
		C4606009288B7B73008C6A6F /* Assets.xcassets in Resources */ = {isa = PBXBuildFile; fileRef = C4606008288B7B73008C6A6F /* Assets.xcassets */; };
		C460600C288B7B73008C6A6F /* LaunchScreen.storyboard in Resources */ = {isa = PBXBuildFile; fileRef = C460600A288B7B73008C6A6F /* LaunchScreen.storyboard */; };
		C4606016288B7E2E008C6A6F /* licenseKey.json in Resources */ = {isa = PBXBuildFile; fileRef = C4606015288B7E2E008C6A6F /* licenseKey.json */; };
		C4606018288C433E008C6A6F /* PivoHandler.swift in Sources */ = {isa = PBXBuildFile; fileRef = C4606017288C433E008C6A6F /* PivoHandler.swift */; };
		DB80882B8691951B1A2A6B76 /* Pods_TestPivoSDK.framework in Frameworks */ = {isa = PBXBuildFile; fileRef = E3E69B551DC426B05DCD3FD0 /* Pods_TestPivoSDK.framework */; };
/* End PBXBuildFile section */

/* Begin PBXFileReference section */
		9B02C481B09C2A06762DFE39 /* Pods-TestPivoSDK.debug.xcconfig */ = {isa = PBXFileReference; includeInIndex = 1; lastKnownFileType = text.xcconfig; name = "Pods-TestPivoSDK.debug.xcconfig"; path = "Target Support Files/Pods-TestPivoSDK/Pods-TestPivoSDK.debug.xcconfig"; sourceTree = "<group>"; };
		BEC8558F5B86ADC3BB8862ED /* Pods-TestPivoSDK.release.xcconfig */ = {isa = PBXFileReference; includeInIndex = 1; lastKnownFileType = text.xcconfig; name = "Pods-TestPivoSDK.release.xcconfig"; path = "Target Support Files/Pods-TestPivoSDK/Pods-TestPivoSDK.release.xcconfig"; sourceTree = "<group>"; };
		C448287F28959467009C295B /* PivoBasicSDK.PivoEvent+description.swift */ = {isa = PBXFileReference; lastKnownFileType = sourcecode.swift; path = "PivoBasicSDK.PivoEvent+description.swift"; sourceTree = "<group>"; };
		C448288228959BE4009C295B /* debugLog.swift */ = {isa = PBXFileReference; lastKnownFileType = sourcecode.swift; path = debugLog.swift; sourceTree = "<group>"; };
		C448288428959F8D009C295B /* ConnectedPivo.swift */ = {isa = PBXFileReference; lastKnownFileType = sourcecode.swift; path = ConnectedPivo.swift; sourceTree = "<group>"; };
		C44828862895A478009C295B /* PivoScanner.swift */ = {isa = PBXFileReference; lastKnownFileType = sourcecode.swift; path = PivoScanner.swift; sourceTree = "<group>"; };
		C4605FFC288B7B71008C6A6F /* TestPivoSDK.app */ = {isa = PBXFileReference; explicitFileType = wrapper.application; includeInIndex = 0; path = TestPivoSDK.app; sourceTree = BUILT_PRODUCTS_DIR; };
		C4605FFF288B7B71008C6A6F /* AppDelegate.swift */ = {isa = PBXFileReference; lastKnownFileType = sourcecode.swift; path = AppDelegate.swift; sourceTree = "<group>"; };
		C4606001288B7B71008C6A6F /* SceneDelegate.swift */ = {isa = PBXFileReference; lastKnownFileType = sourcecode.swift; path = SceneDelegate.swift; sourceTree = "<group>"; };
		C4606003288B7B71008C6A6F /* ViewController.swift */ = {isa = PBXFileReference; lastKnownFileType = sourcecode.swift; path = ViewController.swift; sourceTree = "<group>"; };
		C4606006288B7B71008C6A6F /* Base */ = {isa = PBXFileReference; lastKnownFileType = file.storyboard; name = Base; path = Base.lproj/Main.storyboard; sourceTree = "<group>"; };
		C4606008288B7B73008C6A6F /* Assets.xcassets */ = {isa = PBXFileReference; lastKnownFileType = folder.assetcatalog; path = Assets.xcassets; sourceTree = "<group>"; };
		C460600B288B7B73008C6A6F /* Base */ = {isa = PBXFileReference; lastKnownFileType = file.storyboard; name = Base; path = Base.lproj/LaunchScreen.storyboard; sourceTree = "<group>"; };
		C460600D288B7B73008C6A6F /* Info.plist */ = {isa = PBXFileReference; lastKnownFileType = text.plist.xml; path = Info.plist; sourceTree = "<group>"; };
		C4606015288B7E2E008C6A6F /* licenseKey.json */ = {isa = PBXFileReference; fileEncoding = 4; lastKnownFileType = text.json; path = licenseKey.json; sourceTree = "<group>"; };
		C4606017288C433E008C6A6F /* PivoHandler.swift */ = {isa = PBXFileReference; lastKnownFileType = sourcecode.swift; path = PivoHandler.swift; sourceTree = "<group>"; };
		E3E69B551DC426B05DCD3FD0 /* Pods_TestPivoSDK.framework */ = {isa = PBXFileReference; explicitFileType = wrapper.framework; includeInIndex = 0; path = Pods_TestPivoSDK.framework; sourceTree = BUILT_PRODUCTS_DIR; };
/* End PBXFileReference section */

/* Begin PBXFrameworksBuildPhase section */
		C4605FF9288B7B71008C6A6F /* Frameworks */ = {
			isa = PBXFrameworksBuildPhase;
			buildActionMask = 2147483647;
			files = (
				DB80882B8691951B1A2A6B76 /* Pods_TestPivoSDK.framework in Frameworks */,
			);
			runOnlyForDeploymentPostprocessing = 0;
		};
/* End PBXFrameworksBuildPhase section */

/* Begin PBXGroup section */
		C448287E28959452009C295B /* PivoSDK Extensions */ = {
			isa = PBXGroup;
			children = (
				C448287F28959467009C295B /* PivoBasicSDK.PivoEvent+description.swift */,
			);
			path = "PivoSDK Extensions";
			sourceTree = "<group>";
		};
		C448288128959BD6009C295B /* Utility */ = {
			isa = PBXGroup;
			children = (
				C448288228959BE4009C295B /* debugLog.swift */,
			);
			path = Utility;
			sourceTree = "<group>";
		};
		C4605FF3288B7B71008C6A6F = {
			isa = PBXGroup;
			children = (
				C4605FFE288B7B71008C6A6F /* TestPivoSDK */,
				C4605FFD288B7B71008C6A6F /* Products */,
				CF1677D33FC70FC9FD92C669 /* Pods */,
				FF53FE841A7271442D261BB2 /* Frameworks */,
			);
			sourceTree = "<group>";
		};
		C4605FFD288B7B71008C6A6F /* Products */ = {
			isa = PBXGroup;
			children = (
				C4605FFC288B7B71008C6A6F /* TestPivoSDK.app */,
			);
			name = Products;
			sourceTree = "<group>";
		};
		C4605FFE288B7B71008C6A6F /* TestPivoSDK */ = {
			isa = PBXGroup;
			children = (
				C448288128959BD6009C295B /* Utility */,
				C448287E28959452009C295B /* PivoSDK Extensions */,
				C4606015288B7E2E008C6A6F /* licenseKey.json */,
				C4605FFF288B7B71008C6A6F /* AppDelegate.swift */,
				C4606001288B7B71008C6A6F /* SceneDelegate.swift */,
				C4606003288B7B71008C6A6F /* ViewController.swift */,
				C4606005288B7B71008C6A6F /* Main.storyboard */,
				C4606008288B7B73008C6A6F /* Assets.xcassets */,
				C460600A288B7B73008C6A6F /* LaunchScreen.storyboard */,
				C460600D288B7B73008C6A6F /* Info.plist */,
				C4606017288C433E008C6A6F /* PivoHandler.swift */,
				C44828862895A478009C295B /* PivoScanner.swift */,
				C448288428959F8D009C295B /* ConnectedPivo.swift */,
			);
			path = TestPivoSDK;
			sourceTree = "<group>";
		};
		CF1677D33FC70FC9FD92C669 /* Pods */ = {
			isa = PBXGroup;
			children = (
				9B02C481B09C2A06762DFE39 /* Pods-TestPivoSDK.debug.xcconfig */,
				BEC8558F5B86ADC3BB8862ED /* Pods-TestPivoSDK.release.xcconfig */,
			);
			path = Pods;
			sourceTree = "<group>";
		};
		FF53FE841A7271442D261BB2 /* Frameworks */ = {
			isa = PBXGroup;
			children = (
				E3E69B551DC426B05DCD3FD0 /* Pods_TestPivoSDK.framework */,
			);
			name = Frameworks;
			sourceTree = "<group>";
		};
/* End PBXGroup section */

/* Begin PBXNativeTarget section */
		C4605FFB288B7B71008C6A6F /* TestPivoSDK */ = {
			isa = PBXNativeTarget;
			buildConfigurationList = C4606010288B7B73008C6A6F /* Build configuration list for PBXNativeTarget "TestPivoSDK" */;
			buildPhases = (
				231D7778DCD3BCB516F6F3AF /* [CP] Check Pods Manifest.lock */,
				C4605FF8288B7B71008C6A6F /* Sources */,
				C4605FF9288B7B71008C6A6F /* Frameworks */,
				C4605FFA288B7B71008C6A6F /* Resources */,
				3D523A716807F5391951413F /* [CP] Embed Pods Frameworks */,
			);
			buildRules = (
			);
			dependencies = (
			);
			name = TestPivoSDK;
			productName = TestPivoSDK;
			productReference = C4605FFC288B7B71008C6A6F /* TestPivoSDK.app */;
			productType = "com.apple.product-type.application";
		};
/* End PBXNativeTarget section */

/* Begin PBXProject section */
		C4605FF4288B7B71008C6A6F /* Project object */ = {
			isa = PBXProject;
			attributes = {
				BuildIndependentTargetsInParallel = 1;
				LastSwiftUpdateCheck = 1340;
				LastUpgradeCheck = 1340;
				TargetAttributes = {
					C4605FFB288B7B71008C6A6F = {
						CreatedOnToolsVersion = 13.4.1;
					};
				};
			};
			buildConfigurationList = C4605FF7288B7B71008C6A6F /* Build configuration list for PBXProject "TestPivoSDK" */;
			compatibilityVersion = "Xcode 13.0";
			developmentRegion = en;
			hasScannedForEncodings = 0;
			knownRegions = (
				en,
				Base,
			);
			mainGroup = C4605FF3288B7B71008C6A6F;
			productRefGroup = C4605FFD288B7B71008C6A6F /* Products */;
			projectDirPath = "";
			projectRoot = "";
			targets = (
				C4605FFB288B7B71008C6A6F /* TestPivoSDK */,
			);
		};
/* End PBXProject section */

/* Begin PBXResourcesBuildPhase section */
		C4605FFA288B7B71008C6A6F /* Resources */ = {
			isa = PBXResourcesBuildPhase;
			buildActionMask = 2147483647;
			files = (
				C460600C288B7B73008C6A6F /* LaunchScreen.storyboard in Resources */,
				C4606009288B7B73008C6A6F /* Assets.xcassets in Resources */,
				C4606007288B7B71008C6A6F /* Main.storyboard in Resources */,
				C4606016288B7E2E008C6A6F /* licenseKey.json in Resources */,
			);
			runOnlyForDeploymentPostprocessing = 0;
		};
/* End PBXResourcesBuildPhase section */

/* Begin PBXShellScriptBuildPhase section */
		231D7778DCD3BCB516F6F3AF /* [CP] Check Pods Manifest.lock */ = {
			isa = PBXShellScriptBuildPhase;
			buildActionMask = 2147483647;
			files = (
			);
			inputFileListPaths = (
			);
			inputPaths = (
				"${PODS_PODFILE_DIR_PATH}/Podfile.lock",
				"${PODS_ROOT}/Manifest.lock",
			);
			name = "[CP] Check Pods Manifest.lock";
			outputFileListPaths = (
			);
			outputPaths = (
				"$(DERIVED_FILE_DIR)/Pods-TestPivoSDK-checkManifestLockResult.txt",
			);
			runOnlyForDeploymentPostprocessing = 0;
			shellPath = /bin/sh;
			shellScript = "diff \"${PODS_PODFILE_DIR_PATH}/Podfile.lock\" \"${PODS_ROOT}/Manifest.lock\" > /dev/null\nif [ $? != 0 ] ; then\n    # print error to STDERR\n    echo \"error: The sandbox is not in sync with the Podfile.lock. Run 'pod install' or update your CocoaPods installation.\" >&2\n    exit 1\nfi\n# This output is used by Xcode 'outputs' to avoid re-running this script phase.\necho \"SUCCESS\" > \"${SCRIPT_OUTPUT_FILE_0}\"\n";
			showEnvVarsInLog = 0;
		};
		3D523A716807F5391951413F /* [CP] Embed Pods Frameworks */ = {
			isa = PBXShellScriptBuildPhase;
			buildActionMask = 2147483647;
			files = (
			);
			inputFileListPaths = (
				"${PODS_ROOT}/Target Support Files/Pods-TestPivoSDK/Pods-TestPivoSDK-frameworks-${CONFIGURATION}-input-files.xcfilelist",
			);
			name = "[CP] Embed Pods Frameworks";
			outputFileListPaths = (
				"${PODS_ROOT}/Target Support Files/Pods-TestPivoSDK/Pods-TestPivoSDK-frameworks-${CONFIGURATION}-output-files.xcfilelist",
			);
			runOnlyForDeploymentPostprocessing = 0;
			shellPath = /bin/sh;
			shellScript = "\"${PODS_ROOT}/Target Support Files/Pods-TestPivoSDK/Pods-TestPivoSDK-frameworks.sh\"\n";
			showEnvVarsInLog = 0;
		};
/* End PBXShellScriptBuildPhase section */

/* Begin PBXSourcesBuildPhase section */
		C4605FF8288B7B71008C6A6F /* Sources */ = {
			isa = PBXSourcesBuildPhase;
			buildActionMask = 2147483647;
			files = (
				C448288028959467009C295B /* PivoBasicSDK.PivoEvent+description.swift in Sources */,
				C4606018288C433E008C6A6F /* PivoHandler.swift in Sources */,
				C448288528959F8D009C295B /* ConnectedPivo.swift in Sources */,
				C4606004288B7B71008C6A6F /* ViewController.swift in Sources */,
				C44828872895A478009C295B /* PivoScanner.swift in Sources */,
				C4606000288B7B71008C6A6F /* AppDelegate.swift in Sources */,
				C448288328959BE4009C295B /* debugLog.swift in Sources */,
				C4606002288B7B71008C6A6F /* SceneDelegate.swift in Sources */,
			);
			runOnlyForDeploymentPostprocessing = 0;
		};
/* End PBXSourcesBuildPhase section */

/* Begin PBXVariantGroup section */
		C4606005288B7B71008C6A6F /* Main.storyboard */ = {
			isa = PBXVariantGroup;
			children = (
				C4606006288B7B71008C6A6F /* Base */,
			);
			name = Main.storyboard;
			sourceTree = "<group>";
		};
		C460600A288B7B73008C6A6F /* LaunchScreen.storyboard */ = {
			isa = PBXVariantGroup;
			children = (
				C460600B288B7B73008C6A6F /* Base */,
			);
			name = LaunchScreen.storyboard;
			sourceTree = "<group>";
		};
/* End PBXVariantGroup section */

/* Begin XCBuildConfiguration section */
		C460600E288B7B73008C6A6F /* Debug */ = {
			isa = XCBuildConfiguration;
			buildSettings = {
				ALWAYS_SEARCH_USER_PATHS = NO;
				CLANG_ANALYZER_NONNULL = YES;
				CLANG_ANALYZER_NUMBER_OBJECT_CONVERSION = YES_AGGRESSIVE;
				CLANG_CXX_LANGUAGE_STANDARD = "gnu++17";
				CLANG_ENABLE_MODULES = YES;
				CLANG_ENABLE_OBJC_ARC = YES;
				CLANG_ENABLE_OBJC_WEAK = YES;
				CLANG_WARN_BLOCK_CAPTURE_AUTORELEASING = YES;
				CLANG_WARN_BOOL_CONVERSION = YES;
				CLANG_WARN_COMMA = YES;
				CLANG_WARN_CONSTANT_CONVERSION = YES;
				CLANG_WARN_DEPRECATED_OBJC_IMPLEMENTATIONS = YES;
				CLANG_WARN_DIRECT_OBJC_ISA_USAGE = YES_ERROR;
				CLANG_WARN_DOCUMENTATION_COMMENTS = YES;
				CLANG_WARN_EMPTY_BODY = YES;
				CLANG_WARN_ENUM_CONVERSION = YES;
				CLANG_WARN_INFINITE_RECURSION = YES;
				CLANG_WARN_INT_CONVERSION = YES;
				CLANG_WARN_NON_LITERAL_NULL_CONVERSION = YES;
				CLANG_WARN_OBJC_IMPLICIT_RETAIN_SELF = YES;
				CLANG_WARN_OBJC_LITERAL_CONVERSION = YES;
				CLANG_WARN_OBJC_ROOT_CLASS = YES_ERROR;
				CLANG_WARN_QUOTED_INCLUDE_IN_FRAMEWORK_HEADER = YES;
				CLANG_WARN_RANGE_LOOP_ANALYSIS = YES;
				CLANG_WARN_STRICT_PROTOTYPES = YES;
				CLANG_WARN_SUSPICIOUS_MOVE = YES;
				CLANG_WARN_UNGUARDED_AVAILABILITY = YES_AGGRESSIVE;
				CLANG_WARN_UNREACHABLE_CODE = YES;
				CLANG_WARN__DUPLICATE_METHOD_MATCH = YES;
				COPY_PHASE_STRIP = NO;
				DEBUG_INFORMATION_FORMAT = dwarf;
				ENABLE_STRICT_OBJC_MSGSEND = YES;
				ENABLE_TESTABILITY = YES;
				GCC_C_LANGUAGE_STANDARD = gnu11;
				GCC_DYNAMIC_NO_PIC = NO;
				GCC_NO_COMMON_BLOCKS = YES;
				GCC_OPTIMIZATION_LEVEL = 0;
				GCC_PREPROCESSOR_DEFINITIONS = (
					"DEBUG=1",
					"$(inherited)",
				);
				GCC_WARN_64_TO_32_BIT_CONVERSION = YES;
				GCC_WARN_ABOUT_RETURN_TYPE = YES_ERROR;
				GCC_WARN_UNDECLARED_SELECTOR = YES;
				GCC_WARN_UNINITIALIZED_AUTOS = YES_AGGRESSIVE;
				GCC_WARN_UNUSED_FUNCTION = YES;
				GCC_WARN_UNUSED_VARIABLE = YES;
				IPHONEOS_DEPLOYMENT_TARGET = 15.5;
				MTL_ENABLE_DEBUG_INFO = INCLUDE_SOURCE;
				MTL_FAST_MATH = YES;
				ONLY_ACTIVE_ARCH = YES;
				SDKROOT = iphoneos;
				SWIFT_ACTIVE_COMPILATION_CONDITIONS = DEBUG;
				SWIFT_OPTIMIZATION_LEVEL = "-Onone";
			};
			name = Debug;
		};
		C460600F288B7B73008C6A6F /* Release */ = {
			isa = XCBuildConfiguration;
			buildSettings = {
				ALWAYS_SEARCH_USER_PATHS = NO;
				CLANG_ANALYZER_NONNULL = YES;
				CLANG_ANALYZER_NUMBER_OBJECT_CONVERSION = YES_AGGRESSIVE;
				CLANG_CXX_LANGUAGE_STANDARD = "gnu++17";
				CLANG_ENABLE_MODULES = YES;
				CLANG_ENABLE_OBJC_ARC = YES;
				CLANG_ENABLE_OBJC_WEAK = YES;
				CLANG_WARN_BLOCK_CAPTURE_AUTORELEASING = YES;
				CLANG_WARN_BOOL_CONVERSION = YES;
				CLANG_WARN_COMMA = YES;
				CLANG_WARN_CONSTANT_CONVERSION = YES;
				CLANG_WARN_DEPRECATED_OBJC_IMPLEMENTATIONS = YES;
				CLANG_WARN_DIRECT_OBJC_ISA_USAGE = YES_ERROR;
				CLANG_WARN_DOCUMENTATION_COMMENTS = YES;
				CLANG_WARN_EMPTY_BODY = YES;
				CLANG_WARN_ENUM_CONVERSION = YES;
				CLANG_WARN_INFINITE_RECURSION = YES;
				CLANG_WARN_INT_CONVERSION = YES;
				CLANG_WARN_NON_LITERAL_NULL_CONVERSION = YES;
				CLANG_WARN_OBJC_IMPLICIT_RETAIN_SELF = YES;
				CLANG_WARN_OBJC_LITERAL_CONVERSION = YES;
				CLANG_WARN_OBJC_ROOT_CLASS = YES_ERROR;
				CLANG_WARN_QUOTED_INCLUDE_IN_FRAMEWORK_HEADER = YES;
				CLANG_WARN_RANGE_LOOP_ANALYSIS = YES;
				CLANG_WARN_STRICT_PROTOTYPES = YES;
				CLANG_WARN_SUSPICIOUS_MOVE = YES;
				CLANG_WARN_UNGUARDED_AVAILABILITY = YES_AGGRESSIVE;
				CLANG_WARN_UNREACHABLE_CODE = YES;
				CLANG_WARN__DUPLICATE_METHOD_MATCH = YES;
				COPY_PHASE_STRIP = NO;
				DEBUG_INFORMATION_FORMAT = "dwarf-with-dsym";
				ENABLE_NS_ASSERTIONS = NO;
				ENABLE_STRICT_OBJC_MSGSEND = YES;
				GCC_C_LANGUAGE_STANDARD = gnu11;
				GCC_NO_COMMON_BLOCKS = YES;
				GCC_WARN_64_TO_32_BIT_CONVERSION = YES;
				GCC_WARN_ABOUT_RETURN_TYPE = YES_ERROR;
				GCC_WARN_UNDECLARED_SELECTOR = YES;
				GCC_WARN_UNINITIALIZED_AUTOS = YES_AGGRESSIVE;
				GCC_WARN_UNUSED_FUNCTION = YES;
				GCC_WARN_UNUSED_VARIABLE = YES;
				IPHONEOS_DEPLOYMENT_TARGET = 15.5;
				MTL_ENABLE_DEBUG_INFO = NO;
				MTL_FAST_MATH = YES;
				SDKROOT = iphoneos;
				SWIFT_COMPILATION_MODE = wholemodule;
				SWIFT_OPTIMIZATION_LEVEL = "-O";
				VALIDATE_PRODUCT = YES;
			};
			name = Release;
		};
		C4606011288B7B73008C6A6F /* Debug */ = {
			isa = XCBuildConfiguration;
			baseConfigurationReference = 9B02C481B09C2A06762DFE39 /* Pods-TestPivoSDK.debug.xcconfig */;
			buildSettings = {
				ASSETCATALOG_COMPILER_APPICON_NAME = AppIcon;
				ASSETCATALOG_COMPILER_GLOBAL_ACCENT_COLOR_NAME = AccentColor;
				CODE_SIGN_STYLE = Automatic;
				CURRENT_PROJECT_VERSION = 1;
				DEVELOPMENT_TEAM = 8G7W6WCEM9;
				GENERATE_INFOPLIST_FILE = YES;
				INFOPLIST_FILE = TestPivoSDK/Info.plist;
				INFOPLIST_KEY_UIApplicationSupportsIndirectInputEvents = YES;
				INFOPLIST_KEY_UILaunchStoryboardName = LaunchScreen;
				INFOPLIST_KEY_UIMainStoryboardFile = Main;
				INFOPLIST_KEY_UISupportedInterfaceOrientations_iPad = "UIInterfaceOrientationPortrait UIInterfaceOrientationPortraitUpsideDown UIInterfaceOrientationLandscapeLeft UIInterfaceOrientationLandscapeRight";
				INFOPLIST_KEY_UISupportedInterfaceOrientations_iPhone = "UIInterfaceOrientationPortrait UIInterfaceOrientationLandscapeLeft UIInterfaceOrientationLandscapeRight";
				LD_RUNPATH_SEARCH_PATHS = (
					"$(inherited)",
					"@executable_path/Frameworks",
				);
				MARKETING_VERSION = 1.0;
				PRODUCT_BUNDLE_IDENTIFIER = app.pivo.ios.basicsdkdemo;
				PRODUCT_NAME = "$(TARGET_NAME)";
				SWIFT_EMIT_LOC_STRINGS = YES;
				SWIFT_VERSION = 5.0;
				TARGETED_DEVICE_FAMILY = "1,2";
			};
			name = Debug;
		};
		C4606012288B7B73008C6A6F /* Release */ = {
			isa = XCBuildConfiguration;
			baseConfigurationReference = BEC8558F5B86ADC3BB8862ED /* Pods-TestPivoSDK.release.xcconfig */;
			buildSettings = {
				ASSETCATALOG_COMPILER_APPICON_NAME = AppIcon;
				ASSETCATALOG_COMPILER_GLOBAL_ACCENT_COLOR_NAME = AccentColor;
				CODE_SIGN_STYLE = Automatic;
				CURRENT_PROJECT_VERSION = 1;
				DEVELOPMENT_TEAM = 8G7W6WCEM9;
				GENERATE_INFOPLIST_FILE = YES;
				INFOPLIST_FILE = TestPivoSDK/Info.plist;
				INFOPLIST_KEY_UIApplicationSupportsIndirectInputEvents = YES;
				INFOPLIST_KEY_UILaunchStoryboardName = LaunchScreen;
				INFOPLIST_KEY_UIMainStoryboardFile = Main;
				INFOPLIST_KEY_UISupportedInterfaceOrientations_iPad = "UIInterfaceOrientationPortrait UIInterfaceOrientationPortraitUpsideDown UIInterfaceOrientationLandscapeLeft UIInterfaceOrientationLandscapeRight";
				INFOPLIST_KEY_UISupportedInterfaceOrientations_iPhone = "UIInterfaceOrientationPortrait UIInterfaceOrientationLandscapeLeft UIInterfaceOrientationLandscapeRight";
				LD_RUNPATH_SEARCH_PATHS = (
					"$(inherited)",
					"@executable_path/Frameworks",
				);
				MARKETING_VERSION = 1.0;
				PRODUCT_BUNDLE_IDENTIFIER = app.pivo.ios.basicsdkdemo;
				PRODUCT_NAME = "$(TARGET_NAME)";
				SWIFT_EMIT_LOC_STRINGS = YES;
				SWIFT_VERSION = 5.0;
				TARGETED_DEVICE_FAMILY = "1,2";
			};
			name = Release;
		};
/* End XCBuildConfiguration section */

/* Begin XCConfigurationList section */
		C4605FF7288B7B71008C6A6F /* Build configuration list for PBXProject "TestPivoSDK" */ = {
			isa = XCConfigurationList;
			buildConfigurations = (
				C460600E288B7B73008C6A6F /* Debug */,
				C460600F288B7B73008C6A6F /* Release */,
			);
			defaultConfigurationIsVisible = 0;
			defaultConfigurationName = Release;
		};
		C4606010288B7B73008C6A6F /* Build configuration list for PBXNativeTarget "TestPivoSDK" */ = {
			isa = XCConfigurationList;
			buildConfigurations = (
				C4606011288B7B73008C6A6F /* Debug */,
				C4606012288B7B73008C6A6F /* Release */,
			);
			defaultConfigurationIsVisible = 0;
			defaultConfigurationName = Release;
		};
/* End XCConfigurationList section */
	};
	rootObject = C4605FF4288B7B71008C6A6F /* Project object */;
}
